
Microsoft Visual Studio Solution File, Format Version 12.00
# Visual Studio Version 17
VisualStudioVersion = 17.8.34330.188
MinimumVisualStudioVersion = 10.0.40219.1
Project("{E24C65DC-7377-472B-9ABA-BC803B73C61A}") = "AdamBlu", ".", "{F9C8303D-BC33-49AB-B82D-2C858DC76830}"
	ProjectSection(WebsiteProperties) = preProject
		TargetFrameworkMoniker = ".NETFramework,Version%3Dv4.0"
		Debug.AspNetCompiler.VirtualPath = "/localhost_63339"
		Debug.AspNetCompiler.PhysicalPath = "..\AdamBlu\"
		Debug.AspNetCompiler.TargetPath = "PrecompiledWeb\localhost_63339\"
		Debug.AspNetCompiler.Updateable = "true"
		Debug.AspNetCompiler.ForceOverwrite = "true"
		Debug.AspNetCompiler.FixedNames = "false"
		Debug.AspNetCompiler.Debug = "True"
		Release.AspNetCompiler.VirtualPath = "/localhost_63339"
		Release.AspNetCompiler.PhysicalPath = "..\AdamBlu\"
		Release.AspNetCompiler.TargetPath = "PrecompiledWeb\localhost_63339\"
		Release.AspNetCompiler.Updateable = "true"
		Release.AspNetCompiler.ForceOverwrite = "true"
		Release.AspNetCompiler.FixedNames = "false"
		Release.AspNetCompiler.Debug = "False"
		VWDPort = "63339"
		SlnRelativePath = "..\AdamBlu\"
	EndProjectSection
EndProject
Global
	GlobalSection(SolutionConfigurationPlatforms) = preSolution
		Debug|Any CPU = Debug|Any CPU
	EndGlobalSection
	GlobalSection(ProjectConfigurationPlatforms) = postSolution
		{F9C8303D-BC33-49AB-B82D-2C858DC76830}.Debug|Any CPU.ActiveCfg = Debug|Any CPU
		{F9C8303D-BC33-49AB-B82D-2C858DC76830}.Debug|Any CPU.Build.0 = Debug|Any CPU
	EndGlobalSection
	GlobalSection(SolutionProperties) = preSolution
		HideSolutionNode = FALSE
	EndGlobalSection
	GlobalSection(ExtensibilityGlobals) = postSolution
		SolutionGuid = {CC2F4EBB-7BE1-41AE-A2F5-C7BA5901C650}
	EndGlobalSection
EndGlobal
